
Microsoft Visual Studio Solution File, Format Version 12.00
# Visual Studio 2013
VisualStudioVersion = 12.0.31101.0
MinimumVisualStudioVersion = 10.0.40219.1
Project("{FAE04EC0-301F-11D3-BF4B-00C04F79EFBC}") = "WebService", "WebService\WebService.csproj", "{0574F47F-F90E-460C-B8F3-6C06348E027E}"
EndProject
Project("{FAE04EC0-301F-11D3-BF4B-00C04F79EFBC}") = "UI.Web.Static", "UI.Web.Static\UI.Web.Static.csproj", "{E6A7FCED-FDB1-471F-AD91-ADB5FBAA6898}"
EndProject
Project("{FAE04EC0-301F-11D3-BF4B-00C04F79EFBC}") = "Utilities", "Utilities\Utilities.csproj", "{481F48E6-458E-4E6C-BAEB-0402D6FAD2E4}"
EndProject
Global
	GlobalSection(SolutionConfigurationPlatforms) = preSolution
		Debug|Any CPU = Debug|Any CPU
		Release|Any CPU = Release|Any CPU
	EndGlobalSection
	GlobalSection(ProjectConfigurationPlatforms) = postSolution
		{0574F47F-F90E-460C-B8F3-6C06348E027E}.Debug|Any CPU.ActiveCfg = Debug|Any CPU
		{0574F47F-F90E-460C-B8F3-6C06348E027E}.Debug|Any CPU.Build.0 = Debug|Any CPU
		{0574F47F-F90E-460C-B8F3-6C06348E027E}.Release|Any CPU.ActiveCfg = Release|Any CPU
		{0574F47F-F90E-460C-B8F3-6C06348E027E}.Release|Any CPU.Build.0 = Release|Any CPU
		{E6A7FCED-FDB1-471F-AD91-ADB5FBAA6898}.Debug|Any CPU.ActiveCfg = Debug|Any CPU
		{E6A7FCED-FDB1-471F-AD91-ADB5FBAA6898}.Debug|Any CPU.Build.0 = Debug|Any CPU
		{E6A7FCED-FDB1-471F-AD91-ADB5FBAA6898}.Release|Any CPU.ActiveCfg = Release|Any CPU
		{E6A7FCED-FDB1-471F-AD91-ADB5FBAA6898}.Release|Any CPU.Build.0 = Release|Any CPU
		{481F48E6-458E-4E6C-BAEB-0402D6FAD2E4}.Debug|Any CPU.ActiveCfg = Debug|Any CPU
		{481F48E6-458E-4E6C-BAEB-0402D6FAD2E4}.Debug|Any CPU.Build.0 = Debug|Any CPU
		{481F48E6-458E-4E6C-BAEB-0402D6FAD2E4}.Release|Any CPU.ActiveCfg = Release|Any CPU
		{481F48E6-458E-4E6C-BAEB-0402D6FAD2E4}.Release|Any CPU.Build.0 = Release|Any CPU
	EndGlobalSection
	GlobalSection(SolutionProperties) = preSolution
		HideSolutionNode = FALSE
	EndGlobalSection
EndGlobal
